
Microsoft Visual Studio Solution File, Format Version 12.00
# Visual Studio Version 17
VisualStudioVersion = 17.4.33213.308
MinimumVisualStudioVersion = 10.0.40219.1
Project("{FAE04EC0-301F-11D3-BF4B-00C04F79EFBC}") = "SQLApp", "SQLApp\SQLApp.csproj", "{CF15F5FD-50D3-458E-AE7F-1E5939364E46}"
EndProject
Global
	GlobalSection(SolutionConfigurationPlatforms) = preSolution
		Debug|Any CPU = Debug|Any CPU
		Release|Any CPU = Release|Any CPU
	EndGlobalSection
	GlobalSection(ProjectConfigurationPlatforms) = postSolution
		{CF15F5FD-50D3-458E-AE7F-1E5939364E46}.Debug|Any CPU.ActiveCfg = Debug|Any CPU
		{CF15F5FD-50D3-458E-AE7F-1E5939364E46}.Debug|Any CPU.Build.0 = Debug|Any CPU
		{CF15F5FD-50D3-458E-AE7F-1E5939364E46}.Release|Any CPU.ActiveCfg = Release|Any CPU
		{CF15F5FD-50D3-458E-AE7F-1E5939364E46}.Release|Any CPU.Build.0 = Release|Any CPU
	EndGlobalSection
	GlobalSection(SolutionProperties) = preSolution
		HideSolutionNode = FALSE
	EndGlobalSection
	GlobalSection(ExtensibilityGlobals) = postSolution
		SolutionGuid = {261600E3-148C-4BB2-B0FA-3885125643F1}
	EndGlobalSection
EndGlobal
